PODS:
  - LBBottomSheet (1.0.0)

DEPENDENCIES:
  - LBBottomSheet (from `https://github.com/rownd/lbbottomsheet.git`)

EXTERNAL SOURCES:
  LBBottomSheet:
    :git: https://github.com/rownd/lbbottomsheet.git

CHECKOUT OPTIONS:
  LBBottomSheet:
    :commit: 96cd5594b7d184eacd30a8bfa825dd927e0f3225
    :git: https://github.com/rownd/lbbottomsheet.git

SPEC CHECKSUMS:
  LBBottomSheet: b88ef4b3f69466f4f5ec1ac6d14fb6728df02408

PODFILE CHECKSUM: 7b4acce74c0910841f7aed3227eab7dfa77dfaf2

COCOAPODS: 1.11.3
