// !$*UTF8*$!
{
	archiveVersion = 1;
	classes = {
	};
	objectVersion = 55;
	objects = {

/* Begin PBXBuildFile section */
		B302E2862863A8D0005FD927 /* HubWebViewController.swift in Sources */ = {isa = PBXBuildFile; fileRef = B302E2812863A8D0005FD927 /* HubWebViewController.swift */; };
		B302E2872863A8D0005FD927 /* HubWebView.swift.bak in Sources */ = {isa = PBXBuildFile; fileRef = B302E2822863A8D0005FD927 /* HubWebView.swift.bak */; };
		B302E2952863A95A005FD927 /* RowndHubInteropMessage.swift in Sources */ = {isa = PBXBuildFile; fileRef = B302E2922863A95A005FD927 /* RowndHubInteropMessage.swift */; };
		B302E2962863A95A005FD927 /* Storage.swift in Sources */ = {isa = PBXBuildFile; fileRef = B302E2932863A95A005FD927 /* Storage.swift */; };
		B302E2972863A95A005FD927 /* RowndConfig.swift in Sources */ = {isa = PBXBuildFile; fileRef = B302E2942863A95A005FD927 /* RowndConfig.swift */; };
		B302E2BB28641A7A005FD927 /* ReSwift in Frameworks */ = {isa = PBXBuildFile; productRef = B302E2BA28641A7A005FD927 /* ReSwift */; };
		B302E2BD28641AA9005FD927 /* Context.swift in Sources */ = {isa = PBXBuildFile; fileRef = B302E2BC28641AA9005FD927 /* Context.swift */; };
		B302E2C028641F41005FD927 /* AppConfig.swift in Sources */ = {isa = PBXBuildFile; fileRef = B302E2BF28641F41005FD927 /* AppConfig.swift */; };
		B302E2C228642329005FD927 /* Rownd.swift in Sources */ = {isa = PBXBuildFile; fileRef = B302E2C128642329005FD927 /* Rownd.swift */; };
		B302E2C72865012F005FD927 /* ReSwiftThunk in Frameworks */ = {isa = PBXBuildFile; productRef = B302E2C62865012F005FD927 /* ReSwiftThunk */; };
		B302E2C928650C1D005FD927 /* APIClient.swift in Sources */ = {isa = PBXBuildFile; fileRef = B302E2C828650C1D005FD927 /* APIClient.swift */; };
		B302E2CB28662749005FD927 /* APIResource.swift in Sources */ = {isa = PBXBuildFile; fileRef = B302E2CA28662748005FD927 /* APIResource.swift */; };
		B302E2CD2866C75A005FD927 /* Auth.swift in Sources */ = {isa = PBXBuildFile; fileRef = B302E2CC2866C75A005FD927 /* Auth.swift */; };
		B302E2CF286A4061005FD927 /* ReSwiftObserver.swift in Sources */ = {isa = PBXBuildFile; fileRef = B302E2CE286A4060005FD927 /* ReSwiftObserver.swift */; };
		B302E2D1286A4530005FD927 /* Exporter.swift in Sources */ = {isa = PBXBuildFile; fileRef = B302E2D0286A452F005FD927 /* Exporter.swift */; };
		B347C24F2877DAB600935115 /* Encryption.swift in Sources */ = {isa = PBXBuildFile; fileRef = B347C24E2877DAB600935115 /* Encryption.swift */; };
		B347C25428786C5C00935115 /* Rownd.podspec in Resources */ = {isa = PBXBuildFile; fileRef = B347C25328786C5C00935115 /* Rownd.podspec */; };
		B347C27528792AD900935115 /* User.swift in Sources */ = {isa = PBXBuildFile; fileRef = B347C27428792AD900935115 /* User.swift */; };
		B347C2782879358200935115 /* AnyCodable in Frameworks */ = {isa = PBXBuildFile; productRef = B347C2772879358200935115 /* AnyCodable */; };
		B347C27B287CB46A00935115 /* JWTDecode in Frameworks */ = {isa = PBXBuildFile; productRef = B347C27A287CB46A00935115 /* JWTDecode */; };
		B35E1ED12874C9C9007E989F /* HubViewController.swift in Sources */ = {isa = PBXBuildFile; fileRef = B35E1ED02874C9C9007E989F /* HubViewController.swift */; };
		B35E1ED32874DBEC007E989F /* SpinnerViewController.swift.bak in Sources */ = {isa = PBXBuildFile; fileRef = B35E1ED22874DBEC007E989F /* SpinnerViewController.swift.bak */; };
		B374E55C28545A1C00955719 /* framework.h in Headers */ = {isa = PBXBuildFile; fileRef = B374E55B28545A1C00955719 /* framework.h */; settings = {ATTRIBUTES = (Public, ); }; };
		B374E5662855873100955719 /* Color.swift in Sources */ = {isa = PBXBuildFile; fileRef = B374E5652855872F00955719 /* Color.swift */; };
		B38A4085287E16EE00FD0813 /* LoggingExcluded.swift in Sources */ = {isa = PBXBuildFile; fileRef = B38A4084287E16EE00FD0813 /* LoggingExcluded.swift */; };
		B38A4087287E720E00FD0813 /* Constants.swift in Sources */ = {isa = PBXBuildFile; fileRef = B38A4086287E720E00FD0813 /* Constants.swift */; };
		B38A4089287F28D000FD0813 /* AccountManagerView.swift in Sources */ = {isa = PBXBuildFile; fileRef = B38A4088287F28D000FD0813 /* AccountManagerView.swift */; };
		B38A4090287F5B4900FD0813 /* Encodable.swift in Sources */ = {isa = PBXBuildFile; fileRef = B38A408F287F5B4900FD0813 /* Encodable.swift */; };
		B38A4097287FC7BB00FD0813 /* AccountManagerViewController.swift in Sources */ = {isa = PBXBuildFile; fileRef = B38A4096287FC7BB00FD0813 /* AccountManagerViewController.swift */; };
		B38A409E288111F200FD0813 /* BottomSheetController.swift in Sources */ = {isa = PBXBuildFile; fileRef = B38A409D288111F200FD0813 /* BottomSheetController.swift */; };
		B38A40A12881157D00FD0813 /* LBBottomSheet in Frameworks */ = {isa = PBXBuildFile; productRef = B38A40A02881157D00FD0813 /* LBBottomSheet */; };
		B38A40AA2882020900FD0813 /* RowndTests.swift in Sources */ = {isa = PBXBuildFile; fileRef = B38A40A92882020900FD0813 /* RowndTests.swift */; };
		B38A40AB2882020900FD0813 /* Rownd.framework in Frameworks */ = {isa = PBXBuildFile; fileRef = B374E55828545A1C00955719 /* Rownd.framework */; };
		B38A40B22882024400FD0813 /* EncryptionTests.swift in Sources */ = {isa = PBXBuildFile; fileRef = B38A40B12882024400FD0813 /* EncryptionTests.swift */; };
		B38A40BA2882185800FD0813 /* RowndFrameworkTestAppApp.swift in Sources */ = {isa = PBXBuildFile; fileRef = B38A40B92882185800FD0813 /* RowndFrameworkTestAppApp.swift */; };
		B38A40BC2882185800FD0813 /* ContentView.swift in Sources */ = {isa = PBXBuildFile; fileRef = B38A40BB2882185800FD0813 /* ContentView.swift */; };
		B38A40BE2882185B00FD0813 /* Assets.xcassets in Resources */ = {isa = PBXBuildFile; fileRef = B38A40BD2882185B00FD0813 /* Assets.xcassets */; };
		B38A40C12882185B00FD0813 /* Preview Assets.xcassets in Resources */ = {isa = PBXBuildFile; fileRef = B38A40C02882185B00FD0813 /* Preview Assets.xcassets */; };
		B38A40C92882727F00FD0813 /* SwiftKeychainWrapper in Frameworks */ = {isa = PBXBuildFile; productRef = B38A40C82882727F00FD0813 /* SwiftKeychainWrapper */; };
		B38A40CC288274D900FD0813 /* SwiftKeychainWrapper in Frameworks */ = {isa = PBXBuildFile; productRef = B38A40CB288274D900FD0813 /* SwiftKeychainWrapper */; };
		B38A40CF2883C81D00FD0813 /* Sodium in Frameworks */ = {isa = PBXBuildFile; productRef = B38A40CE2883C81D00FD0813 /* Sodium */; };
		B38A40E02887410300FD0813 /* AppleSignUpCoordinator.swift in Sources */ = {isa = PBXBuildFile; fileRef = B38A40DE288740CC00FD0813 /* AppleSignUpCoordinator.swift */; };
/* End PBXBuildFile section */

/* Begin PBXContainerItemProxy section */
		B38A40AC2882020900FD0813 /* PBXContainerItemProxy */ = {
			isa = PBXContainerItemProxy;
			containerPortal = B374E54F28545A1C00955719 /* Project object */;
			proxyType = 1;
			remoteGlobalIDString = B374E55728545A1C00955719;
			remoteInfo = RowndSDK;
		};
		B38A40C52882187300FD0813 /* PBXContainerItemProxy */ = {
			isa = PBXContainerItemProxy;
			containerPortal = B374E54F28545A1C00955719 /* Project object */;
			proxyType = 1;
			remoteGlobalIDString = B38A40B62882185700FD0813;
			remoteInfo = RowndFrameworkTestApp;
		};
/* End PBXContainerItemProxy section */

/* Begin PBXFileReference section */
		B302E2812863A8D0005FD927 /* HubWebViewController.swift */ = {isa = PBXFileReference; fileEncoding = 4; lastKnownFileType = sourcecode.swift; path = HubWebViewController.swift; sourceTree = "<group>"; };
		B302E2822863A8D0005FD927 /* HubWebView.swift.bak */ = {isa = PBXFileReference; fileEncoding = 4; lastKnownFileType = text; path = HubWebView.swift.bak; sourceTree = "<group>"; };
		B302E2922863A95A005FD927 /* RowndHubInteropMessage.swift */ = {isa = PBXFileReference; fileEncoding = 4; lastKnownFileType = sourcecode.swift; path = RowndHubInteropMessage.swift; sourceTree = "<group>"; };
		B302E2932863A95A005FD927 /* Storage.swift */ = {isa = PBXFileReference; fileEncoding = 4; lastKnownFileType = sourcecode.swift; path = Storage.swift; sourceTree = "<group>"; };
		B302E2942863A95A005FD927 /* RowndConfig.swift */ = {isa = PBXFileReference; fileEncoding = 4; lastKnownFileType = sourcecode.swift; path = RowndConfig.swift; sourceTree = "<group>"; };
		B302E2BC28641AA9005FD927 /* Context.swift */ = {isa = PBXFileReference; lastKnownFileType = sourcecode.swift; path = Context.swift; sourceTree = "<group>"; };
		B302E2BF28641F41005FD927 /* AppConfig.swift */ = {isa = PBXFileReference; lastKnownFileType = sourcecode.swift; path = AppConfig.swift; sourceTree = "<group>"; };
		B302E2C128642329005FD927 /* Rownd.swift */ = {isa = PBXFileReference; lastKnownFileType = sourcecode.swift; path = Rownd.swift; sourceTree = "<group>"; };
		B302E2C828650C1D005FD927 /* APIClient.swift */ = {isa = PBXFileReference; lastKnownFileType = sourcecode.swift; path = APIClient.swift; sourceTree = "<group>"; };
		B302E2CA28662748005FD927 /* APIResource.swift */ = {isa = PBXFileReference; lastKnownFileType = sourcecode.swift; path = APIResource.swift; sourceTree = "<group>"; };
		B302E2CC2866C75A005FD927 /* Auth.swift */ = {isa = PBXFileReference; lastKnownFileType = sourcecode.swift; path = Auth.swift; sourceTree = "<group>"; };
		B302E2CE286A4060005FD927 /* ReSwiftObserver.swift */ = {isa = PBXFileReference; lastKnownFileType = sourcecode.swift; path = ReSwiftObserver.swift; sourceTree = "<group>"; };
		B302E2D0286A452F005FD927 /* Exporter.swift */ = {isa = PBXFileReference; lastKnownFileType = sourcecode.swift; path = Exporter.swift; sourceTree = "<group>"; };
		B347C24E2877DAB600935115 /* Encryption.swift */ = {isa = PBXFileReference; lastKnownFileType = sourcecode.swift; path = Encryption.swift; sourceTree = "<group>"; };
		B347C25028786A8800935115 /* Package.swift */ = {isa = PBXFileReference; lastKnownFileType = sourcecode.swift; path = Package.swift; sourceTree = "<group>"; };
		B347C25328786C5C00935115 /* Rownd.podspec */ = {isa = PBXFileReference; lastKnownFileType = text; path = Rownd.podspec; sourceTree = "<group>"; };
		B347C25528786D8B00935115 /* LICENSE.txt */ = {isa = PBXFileReference; lastKnownFileType = text; path = LICENSE.txt; sourceTree = "<group>"; };
		B347C27428792AD900935115 /* User.swift */ = {isa = PBXFileReference; lastKnownFileType = sourcecode.swift; path = User.swift; sourceTree = "<group>"; };
		B35E1ED02874C9C9007E989F /* HubViewController.swift */ = {isa = PBXFileReference; lastKnownFileType = sourcecode.swift; path = HubViewController.swift; sourceTree = "<group>"; };
		B35E1ED22874DBEC007E989F /* SpinnerViewController.swift.bak */ = {isa = PBXFileReference; lastKnownFileType = text; path = SpinnerViewController.swift.bak; sourceTree = "<group>"; };
		B374E55828545A1C00955719 /* Rownd.framework */ = {isa = PBXFileReference; explicitFileType = wrapper.framework; includeInIndex = 0; path = Rownd.framework; sourceTree = BUILT_PRODUCTS_DIR; };
		B374E55B28545A1C00955719 /* framework.h */ = {isa = PBXFileReference; lastKnownFileType = sourcecode.c.h; path = framework.h; sourceTree = "<group>"; };
		B374E5652855872F00955719 /* Color.swift */ = {isa = PBXFileReference; lastKnownFileType = sourcecode.swift; path = Color.swift; sourceTree = SOURCE_ROOT; };
		B38A4084287E16EE00FD0813 /* LoggingExcluded.swift */ = {isa = PBXFileReference; lastKnownFileType = sourcecode.swift; path = LoggingExcluded.swift; sourceTree = "<group>"; };
		B38A4086287E720E00FD0813 /* Constants.swift */ = {isa = PBXFileReference; lastKnownFileType = sourcecode.swift; path = Constants.swift; sourceTree = "<group>"; };
		B38A4088287F28D000FD0813 /* AccountManagerView.swift */ = {isa = PBXFileReference; lastKnownFileType = sourcecode.swift; path = AccountManagerView.swift; sourceTree = "<group>"; };
		B38A408F287F5B4900FD0813 /* Encodable.swift */ = {isa = PBXFileReference; lastKnownFileType = sourcecode.swift; path = Encodable.swift; sourceTree = "<group>"; };
		B38A4096287FC7BB00FD0813 /* AccountManagerViewController.swift */ = {isa = PBXFileReference; lastKnownFileType = sourcecode.swift; path = AccountManagerViewController.swift; sourceTree = "<group>"; };
		B38A409D288111F200FD0813 /* BottomSheetController.swift */ = {isa = PBXFileReference; lastKnownFileType = sourcecode.swift; path = BottomSheetController.swift; sourceTree = "<group>"; };
		B38A40A72882020800FD0813 /* RowndTests.xctest */ = {isa = PBXFileReference; explicitFileType = wrapper.cfbundle; includeInIndex = 0; path = RowndTests.xctest; sourceTree = BUILT_PRODUCTS_DIR; };
		B38A40A92882020900FD0813 /* RowndTests.swift */ = {isa = PBXFileReference; lastKnownFileType = sourcecode.swift; path = RowndTests.swift; sourceTree = "<group>"; };
		B38A40B12882024400FD0813 /* EncryptionTests.swift */ = {isa = PBXFileReference; lastKnownFileType = sourcecode.swift; path = EncryptionTests.swift; sourceTree = "<group>"; };
		B38A40B72882185800FD0813 /* RowndFrameworkTestApp.app */ = {isa = PBXFileReference; explicitFileType = wrapper.application; includeInIndex = 0; path = RowndFrameworkTestApp.app; sourceTree = BUILT_PRODUCTS_DIR; };
		B38A40B92882185800FD0813 /* RowndFrameworkTestAppApp.swift */ = {isa = PBXFileReference; lastKnownFileType = sourcecode.swift; path = RowndFrameworkTestAppApp.swift; sourceTree = "<group>"; };
		B38A40BB2882185800FD0813 /* ContentView.swift */ = {isa = PBXFileReference; lastKnownFileType = sourcecode.swift; path = ContentView.swift; sourceTree = "<group>"; };
		B38A40BD2882185B00FD0813 /* Assets.xcassets */ = {isa = PBXFileReference; lastKnownFileType = folder.assetcatalog; path = Assets.xcassets; sourceTree = "<group>"; };
		B38A40C02882185B00FD0813 /* Preview Assets.xcassets */ = {isa = PBXFileReference; lastKnownFileType = folder.assetcatalog; path = "Preview Assets.xcassets"; sourceTree = "<group>"; };
		B38A40D728873F9B00FD0813 /* AuthenticationServices.framework */ = {isa = PBXFileReference; lastKnownFileType = wrapper.framework; name = AuthenticationServices.framework; path = Platforms/MacOSX.platform/Developer/SDKs/MacOSX12.3.sdk/System/iOSSupport/System/Library/Frameworks/AuthenticationServices.framework; sourceTree = DEVELOPER_DIR; };
		B38A40DE288740CC00FD0813 /* AppleSignUpCoordinator.swift */ = {isa = PBXFileReference; fileEncoding = 4; lastKnownFileType = sourcecode.swift; path = AppleSignUpCoordinator.swift; sourceTree = "<group>"; };
		B3F08945286FD85300057DC2 /* README.md */ = {isa = PBXFileReference; lastKnownFileType = net.daringfireball.markdown; path = README.md; sourceTree = "<group>"; };
/* End PBXFileReference section */

/* Begin PBXFrameworksBuildPhase section */
		B374E55528545A1C00955719 /* Frameworks */ = {
			isa = PBXFrameworksBuildPhase;
			buildActionMask = 2147483647;
			files = (
				B302E2C72865012F005FD927 /* ReSwiftThunk in Frameworks */,
				B347C2782879358200935115 /* AnyCodable in Frameworks */,
				B38A40C92882727F00FD0813 /* SwiftKeychainWrapper in Frameworks */,
				B38A40A12881157D00FD0813 /* LBBottomSheet in Frameworks */,
				B347C27B287CB46A00935115 /* JWTDecode in Frameworks */,
				B302E2BB28641A7A005FD927 /* ReSwift in Frameworks */,
				B38A40CC288274D900FD0813 /* SwiftKeychainWrapper in Frameworks */,
				B38A40CF2883C81D00FD0813 /* Sodium in Frameworks */,
			);
			runOnlyForDeploymentPostprocessing = 0;
		};
		B38A40A42882020800FD0813 /* Frameworks */ = {
			isa = PBXFrameworksBuildPhase;
			buildActionMask = 2147483647;
			files = (
				B38A40AB2882020900FD0813 /* Rownd.framework in Frameworks */,
			);
			runOnlyForDeploymentPostprocessing = 0;
		};
		B38A40B42882185700FD0813 /* Frameworks */ = {
			isa = PBXFrameworksBuildPhase;
			buildActionMask = 2147483647;
			files = (
			);
			runOnlyForDeploymentPostprocessing = 0;
		};
/* End PBXFrameworksBuildPhase section */

/* Begin PBXGroup section */
		B302E28B2863A8E5005FD927 /* Models */ = {
			isa = PBXGroup;
			children = (
				B38A40DE288740CC00FD0813 /* AppleSignUpCoordinator.swift */,
				B302E2BE28641F26005FD927 /* Context */,
				B302E2942863A95A005FD927 /* RowndConfig.swift */,
				B302E2922863A95A005FD927 /* RowndHubInteropMessage.swift */,
				B302E2932863A95A005FD927 /* Storage.swift */,
			);
			path = Models;
			sourceTree = "<group>";
		};
		B302E2B52863BCA3005FD927 /* Resources */ = {
			isa = PBXGroup;
			children = (
			);
			path = Resources;
			sourceTree = "<group>";
		};
		B302E2BE28641F26005FD927 /* Context */ = {
			isa = PBXGroup;
			children = (
				B302E2BC28641AA9005FD927 /* Context.swift */,
				B302E2BF28641F41005FD927 /* AppConfig.swift */,
				B302E2CC2866C75A005FD927 /* Auth.swift */,
				B302E2CE286A4060005FD927 /* ReSwiftObserver.swift */,
				B302E2D0286A452F005FD927 /* Exporter.swift */,
				B347C27428792AD900935115 /* User.swift */,
			);
			path = Context;
			sourceTree = "<group>";
		};
		B347C25228786AE300935115 /* Sources */ = {
			isa = PBXGroup;
			children = (
				B347C2562878989F00935115 /* Rownd */,
			);
			path = Sources;
			sourceTree = "<group>";
		};
		B347C2562878989F00935115 /* Rownd */ = {
			isa = PBXGroup;
			children = (
				B302E2C128642329005FD927 /* Rownd.swift */,
				B302E2B52863BCA3005FD927 /* Resources */,
				B302E28B2863A8E5005FD927 /* Models */,
				B374E56228545A2900955719 /* Views */,
				B374E55A28545A1C00955719 /* framework */,
			);
			path = Rownd;
			sourceTree = "<group>";
		};
		B374E54E28545A1C00955719 = {
			isa = PBXGroup;
			children = (
				B347C25528786D8B00935115 /* LICENSE.txt */,
				B347C25328786C5C00935115 /* Rownd.podspec */,
				B347C25228786AE300935115 /* Sources */,
				B347C25028786A8800935115 /* Package.swift */,
				B3F08945286FD85300057DC2 /* README.md */,
				B38A40A82882020900FD0813 /* RowndTests */,
				B38A40B82882185800FD0813 /* RowndFrameworkTestApp */,
				B374E55928545A1C00955719 /* Products */,
				B38A40D628873F9B00FD0813 /* Frameworks */,
			);
			sourceTree = "<group>";
		};
		B374E55928545A1C00955719 /* Products */ = {
			isa = PBXGroup;
			children = (
				B374E55828545A1C00955719 /* Rownd.framework */,
				B38A40A72882020800FD0813 /* RowndTests.xctest */,
				B38A40B72882185800FD0813 /* RowndFrameworkTestApp.app */,
			);
			name = Products;
			sourceTree = "<group>";
		};
		B374E55A28545A1C00955719 /* framework */ = {
			isa = PBXGroup;
			children = (
				B374E5652855872F00955719 /* Color.swift */,
				B374E55B28545A1C00955719 /* framework.h */,
				B302E2C828650C1D005FD927 /* APIClient.swift */,
				B302E2CA28662748005FD927 /* APIResource.swift */,
				B347C24E2877DAB600935115 /* Encryption.swift */,
				B38A4084287E16EE00FD0813 /* LoggingExcluded.swift */,
				B38A4086287E720E00FD0813 /* Constants.swift */,
				B38A408F287F5B4900FD0813 /* Encodable.swift */,
			);
			path = framework;
			sourceTree = "<group>";
		};
		B374E56228545A2900955719 /* Views */ = {
			isa = PBXGroup;
			children = (
				B38A4095287FC0DC00FD0813 /* HubWebView */,
				B35E1ED02874C9C9007E989F /* HubViewController.swift */,
				B35E1ED22874DBEC007E989F /* SpinnerViewController.swift.bak */,
				B38A4094287FC0CA00FD0813 /* AccountManager */,
				B38A409D288111F200FD0813 /* BottomSheetController.swift */,
			);
			path = Views;
			sourceTree = "<group>";
		};
		B38A4094287FC0CA00FD0813 /* AccountManager */ = {
			isa = PBXGroup;
			children = (
				B38A4088287F28D000FD0813 /* AccountManagerView.swift */,
				B38A4096287FC7BB00FD0813 /* AccountManagerViewController.swift */,
			);
			path = AccountManager;
			sourceTree = "<group>";
		};
		B38A4095287FC0DC00FD0813 /* HubWebView */ = {
			isa = PBXGroup;
			children = (
				B302E2822863A8D0005FD927 /* HubWebView.swift.bak */,
				B302E2812863A8D0005FD927 /* HubWebViewController.swift */,
			);
			path = HubWebView;
			sourceTree = "<group>";
		};
		B38A40A82882020900FD0813 /* RowndTests */ = {
			isa = PBXGroup;
			children = (
				B38A40A92882020900FD0813 /* RowndTests.swift */,
				B38A40B12882024400FD0813 /* EncryptionTests.swift */,
			);
			path = RowndTests;
			sourceTree = "<group>";
		};
		B38A40B82882185800FD0813 /* RowndFrameworkTestApp */ = {
			isa = PBXGroup;
			children = (
				B38A40B92882185800FD0813 /* RowndFrameworkTestAppApp.swift */,
				B38A40BB2882185800FD0813 /* ContentView.swift */,
				B38A40BD2882185B00FD0813 /* Assets.xcassets */,
				B38A40BF2882185B00FD0813 /* Preview Content */,
			);
			path = RowndFrameworkTestApp;
			sourceTree = "<group>";
		};
		B38A40BF2882185B00FD0813 /* Preview Content */ = {
			isa = PBXGroup;
			children = (
				B38A40C02882185B00FD0813 /* Preview Assets.xcassets */,
			);
			path = "Preview Content";
			sourceTree = "<group>";
		};
		B38A40D628873F9B00FD0813 /* Frameworks */ = {
			isa = PBXGroup;
			children = (
				B38A40D728873F9B00FD0813 /* AuthenticationServices.framework */,
			);
			name = Frameworks;
			sourceTree = "<group>";
		};
/* End PBXGroup section */

/* Begin PBXHeadersBuildPhase section */
		B374E55328545A1C00955719 /* Headers */ = {
			isa = PBXHeadersBuildPhase;
			buildActionMask = 2147483647;
			files = (
				B374E55C28545A1C00955719 /* framework.h in Headers */,
			);
			runOnlyForDeploymentPostprocessing = 0;
		};
/* End PBXHeadersBuildPhase section */

/* Begin PBXNativeTarget section */
		B374E55728545A1C00955719 /* RowndSDK */ = {
			isa = PBXNativeTarget;
			buildConfigurationList = B374E55F28545A1C00955719 /* Build configuration list for PBXNativeTarget "RowndSDK" */;
			buildPhases = (
				B374E55328545A1C00955719 /* Headers */,
				B374E55428545A1C00955719 /* Sources */,
				B374E55528545A1C00955719 /* Frameworks */,
				B374E55628545A1C00955719 /* Resources */,
			);
			buildRules = (
			);
			dependencies = (
			);
			name = RowndSDK;
			packageProductDependencies = (
				B302E2BA28641A7A005FD927 /* ReSwift */,
				B302E2C62865012F005FD927 /* ReSwiftThunk */,
				B347C2772879358200935115 /* AnyCodable */,
				B347C27A287CB46A00935115 /* JWTDecode */,
				B38A40A02881157D00FD0813 /* LBBottomSheet */,
				B38A40C82882727F00FD0813 /* SwiftKeychainWrapper */,
				B38A40CB288274D900FD0813 /* SwiftKeychainWrapper */,
				B38A40CE2883C81D00FD0813 /* Sodium */,
			);
			productName = framework;
			productReference = B374E55828545A1C00955719 /* Rownd.framework */;
			productType = "com.apple.product-type.framework";
		};
		B38A40A62882020800FD0813 /* RowndTests */ = {
			isa = PBXNativeTarget;
			buildConfigurationList = B38A40AE2882020900FD0813 /* Build configuration list for PBXNativeTarget "RowndTests" */;
			buildPhases = (
				B38A40A32882020800FD0813 /* Sources */,
				B38A40A42882020800FD0813 /* Frameworks */,
				B38A40A52882020800FD0813 /* Resources */,
			);
			buildRules = (
			);
			dependencies = (
				B38A40AD2882020900FD0813 /* PBXTargetDependency */,
				B38A40C62882187300FD0813 /* PBXTargetDependency */,
			);
			name = RowndTests;
			productName = RowndTests;
			productReference = B38A40A72882020800FD0813 /* RowndTests.xctest */;
			productType = "com.apple.product-type.bundle.unit-test";
		};
		B38A40B62882185700FD0813 /* RowndFrameworkTestApp */ = {
			isa = PBXNativeTarget;
			buildConfigurationList = B38A40C22882185B00FD0813 /* Build configuration list for PBXNativeTarget "RowndFrameworkTestApp" */;
			buildPhases = (
				B38A40B32882185700FD0813 /* Sources */,
				B38A40B42882185700FD0813 /* Frameworks */,
				B38A40B52882185700FD0813 /* Resources */,
			);
			buildRules = (
			);
			dependencies = (
			);
			name = RowndFrameworkTestApp;
			productName = RowndFrameworkTestApp;
			productReference = B38A40B72882185800FD0813 /* RowndFrameworkTestApp.app */;
			productType = "com.apple.product-type.application";
		};
/* End PBXNativeTarget section */

/* Begin PBXProject section */
		B374E54F28545A1C00955719 /* Project object */ = {
			isa = PBXProject;
			attributes = {
				BuildIndependentTargetsInParallel = 1;
				LastSwiftUpdateCheck = 1340;
				LastUpgradeCheck = 1340;
				TargetAttributes = {
					B374E55728545A1C00955719 = {
						CreatedOnToolsVersion = 13.4.1;
						LastSwiftMigration = 1340;
					};
					B38A40A62882020800FD0813 = {
						CreatedOnToolsVersion = 13.4.1;
						TestTargetID = B38A40B62882185700FD0813;
					};
					B38A40B62882185700FD0813 = {
						CreatedOnToolsVersion = 13.4.1;
					};
				};
			};
			buildConfigurationList = B374E55228545A1C00955719 /* Build configuration list for PBXProject "RowndFramework" */;
			compatibilityVersion = "Xcode 13.0";
			developmentRegion = en;
			hasScannedForEncodings = 0;
			knownRegions = (
				en,
				Base,
			);
			mainGroup = B374E54E28545A1C00955719;
			packageReferences = (
				B302E2B928641A7A005FD927 /* XCRemoteSwiftPackageReference "ReSwift" */,
				B302E2C52865012F005FD927 /* XCRemoteSwiftPackageReference "ReSwift-Thunk" */,
				B347C2762879358200935115 /* XCRemoteSwiftPackageReference "AnyCodable" */,
				B347C279287CB46900935115 /* XCRemoteSwiftPackageReference "JWTDecode" */,
				B38A409F2881157D00FD0813 /* XCRemoteSwiftPackageReference "LBBottomSheet" */,
				B38A40C72882727E00FD0813 /* XCRemoteSwiftPackageReference "SwiftKeychainWrapper" */,
				B38A40CA288274D800FD0813 /* XCRemoteSwiftPackageReference "SwiftKeychainWrapper" */,
				B38A40CD2883C81D00FD0813 /* XCRemoteSwiftPackageReference "swift-sodium" */,
			);
			productRefGroup = B374E55928545A1C00955719 /* Products */;
			projectDirPath = "";
			projectRoot = "";
			targets = (
				B374E55728545A1C00955719 /* RowndSDK */,
				B38A40A62882020800FD0813 /* RowndTests */,
				B38A40B62882185700FD0813 /* RowndFrameworkTestApp */,
			);
		};
/* End PBXProject section */

/* Begin PBXResourcesBuildPhase section */
		B374E55628545A1C00955719 /* Resources */ = {
			isa = PBXResourcesBuildPhase;
			buildActionMask = 2147483647;
			files = (
				B347C25428786C5C00935115 /* Rownd.podspec in Resources */,
			);
			runOnlyForDeploymentPostprocessing = 0;
		};
		B38A40A52882020800FD0813 /* Resources */ = {
			isa = PBXResourcesBuildPhase;
			buildActionMask = 2147483647;
			files = (
			);
			runOnlyForDeploymentPostprocessing = 0;
		};
		B38A40B52882185700FD0813 /* Resources */ = {
			isa = PBXResourcesBuildPhase;
			buildActionMask = 2147483647;
			files = (
				B38A40C12882185B00FD0813 /* Preview Assets.xcassets in Resources */,
				B38A40BE2882185B00FD0813 /* Assets.xcassets in Resources */,
			);
			runOnlyForDeploymentPostprocessing = 0;
		};
/* End PBXResourcesBuildPhase section */

/* Begin PBXSourcesBuildPhase section */
		B374E55428545A1C00955719 /* Sources */ = {
			isa = PBXSourcesBuildPhase;
			buildActionMask = 2147483647;
			files = (
				B38A4090287F5B4900FD0813 /* Encodable.swift in Sources */,
				B35E1ED12874C9C9007E989F /* HubViewController.swift in Sources */,
				B38A4089287F28D000FD0813 /* AccountManagerView.swift in Sources */,
				B38A4085287E16EE00FD0813 /* LoggingExcluded.swift in Sources */,
				B302E2CD2866C75A005FD927 /* Auth.swift in Sources */,
				B302E2C028641F41005FD927 /* AppConfig.swift in Sources */,
				B302E2C228642329005FD927 /* Rownd.swift in Sources */,
				B302E2872863A8D0005FD927 /* HubWebView.swift.bak in Sources */,
				B35E1ED32874DBEC007E989F /* SpinnerViewController.swift.bak in Sources */,
				B302E2952863A95A005FD927 /* RowndHubInteropMessage.swift in Sources */,
				B302E2CF286A4061005FD927 /* ReSwiftObserver.swift in Sources */,
				B38A409E288111F200FD0813 /* BottomSheetController.swift in Sources */,
				B302E2D1286A4530005FD927 /* Exporter.swift in Sources */,
				B38A4087287E720E00FD0813 /* Constants.swift in Sources */,
				B302E2C928650C1D005FD927 /* APIClient.swift in Sources */,
				B302E2862863A8D0005FD927 /* HubWebViewController.swift in Sources */,
				B347C24F2877DAB600935115 /* Encryption.swift in Sources */,
				B38A4097287FC7BB00FD0813 /* AccountManagerViewController.swift in Sources */,
				B38A40E02887410300FD0813 /* AppleSignUpCoordinator.swift in Sources */,
				B374E5662855873100955719 /* Color.swift in Sources */,
				B302E2BD28641AA9005FD927 /* Context.swift in Sources */,
				B302E2962863A95A005FD927 /* Storage.swift in Sources */,
				B302E2CB28662749005FD927 /* APIResource.swift in Sources */,
				B302E2972863A95A005FD927 /* RowndConfig.swift in Sources */,
				B347C27528792AD900935115 /* User.swift in Sources */,
			);
			runOnlyForDeploymentPostprocessing = 0;
		};
		B38A40A32882020800FD0813 /* Sources */ = {
			isa = PBXSourcesBuildPhase;
			buildActionMask = 2147483647;
			files = (
				B38A40B22882024400FD0813 /* EncryptionTests.swift in Sources */,
				B38A40AA2882020900FD0813 /* RowndTests.swift in Sources */,
			);
			runOnlyForDeploymentPostprocessing = 0;
		};
		B38A40B32882185700FD0813 /* Sources */ = {
			isa = PBXSourcesBuildPhase;
			buildActionMask = 2147483647;
			files = (
				B38A40BC2882185800FD0813 /* ContentView.swift in Sources */,
				B38A40BA2882185800FD0813 /* RowndFrameworkTestAppApp.swift in Sources */,
			);
			runOnlyForDeploymentPostprocessing = 0;
		};
/* End PBXSourcesBuildPhase section */

/* Begin PBXTargetDependency section */
		B38A40AD2882020900FD0813 /* PBXTargetDependency */ = {
			isa = PBXTargetDependency;
			target = B374E55728545A1C00955719 /* RowndSDK */;
			targetProxy = B38A40AC2882020900FD0813 /* PBXContainerItemProxy */;
		};
		B38A40C62882187300FD0813 /* PBXTargetDependency */ = {
			isa = PBXTargetDependency;
			target = B38A40B62882185700FD0813 /* RowndFrameworkTestApp */;
			targetProxy = B38A40C52882187300FD0813 /* PBXContainerItemProxy */;
		};
/* End PBXTargetDependency section */

/* Begin XCBuildConfiguration section */
		B374E55D28545A1C00955719 /* Debug */ = {
			isa = XCBuildConfiguration;
			buildSettings = {
				ALWAYS_SEARCH_USER_PATHS = NO;
				CLANG_ANALYZER_NONNULL = YES;
				CLANG_ANALYZER_NUMBER_OBJECT_CONVERSION = YES_AGGRESSIVE;
				CLANG_CXX_LANGUAGE_STANDARD = "gnu++17";
				CLANG_ENABLE_MODULES = YES;
				CLANG_ENABLE_OBJC_ARC = YES;
				CLANG_ENABLE_OBJC_WEAK = YES;
				CLANG_WARN_BLOCK_CAPTURE_AUTORELEASING = YES;
				CLANG_WARN_BOOL_CONVERSION = YES;
				CLANG_WARN_COMMA = YES;
				CLANG_WARN_CONSTANT_CONVERSION = YES;
				CLANG_WARN_DEPRECATED_OBJC_IMPLEMENTATIONS = YES;
				CLANG_WARN_DIRECT_OBJC_ISA_USAGE = YES_ERROR;
				CLANG_WARN_DOCUMENTATION_COMMENTS = YES;
				CLANG_WARN_EMPTY_BODY = YES;
				CLANG_WARN_ENUM_CONVERSION = YES;
				CLANG_WARN_INFINITE_RECURSION = YES;
				CLANG_WARN_INT_CONVERSION = YES;
				CLANG_WARN_NON_LITERAL_NULL_CONVERSION = YES;
				CLANG_WARN_OBJC_IMPLICIT_RETAIN_SELF = YES;
				CLANG_WARN_OBJC_LITERAL_CONVERSION = YES;
				CLANG_WARN_OBJC_ROOT_CLASS = YES_ERROR;
				CLANG_WARN_QUOTED_INCLUDE_IN_FRAMEWORK_HEADER = YES;
				CLANG_WARN_RANGE_LOOP_ANALYSIS = YES;
				CLANG_WARN_STRICT_PROTOTYPES = YES;
				CLANG_WARN_SUSPICIOUS_MOVE = YES;
				CLANG_WARN_UNGUARDED_AVAILABILITY = YES_AGGRESSIVE;
				CLANG_WARN_UNREACHABLE_CODE = YES;
				CLANG_WARN__DUPLICATE_METHOD_MATCH = YES;
				COPY_PHASE_STRIP = NO;
				CURRENT_PROJECT_VERSION = 1;
				DEBUG_INFORMATION_FORMAT = dwarf;
				ENABLE_STRICT_OBJC_MSGSEND = YES;
				ENABLE_TESTABILITY = YES;
				GCC_C_LANGUAGE_STANDARD = gnu11;
				GCC_DYNAMIC_NO_PIC = NO;
				GCC_NO_COMMON_BLOCKS = YES;
				GCC_OPTIMIZATION_LEVEL = 0;
				GCC_PREPROCESSOR_DEFINITIONS = (
					"DEBUG=1",
					"$(inherited)",
				);
				GCC_WARN_64_TO_32_BIT_CONVERSION = YES;
				GCC_WARN_ABOUT_RETURN_TYPE = YES_ERROR;
				GCC_WARN_UNDECLARED_SELECTOR = YES;
				GCC_WARN_UNINITIALIZED_AUTOS = YES_AGGRESSIVE;
				GCC_WARN_UNUSED_FUNCTION = YES;
				GCC_WARN_UNUSED_VARIABLE = YES;
				IPHONEOS_DEPLOYMENT_TARGET = 14.0;
				MTL_ENABLE_DEBUG_INFO = INCLUDE_SOURCE;
				MTL_FAST_MATH = YES;
				ONLY_ACTIVE_ARCH = YES;
				SDKROOT = iphoneos;
				SWIFT_ACTIVE_COMPILATION_CONDITIONS = DEBUG;
				SWIFT_OPTIMIZATION_LEVEL = "-Onone";
				VERSIONING_SYSTEM = "apple-generic";
				VERSION_INFO_PREFIX = "";
			};
			name = Debug;
		};
		B374E55E28545A1C00955719 /* Release */ = {
			isa = XCBuildConfiguration;
			buildSettings = {
				ALWAYS_SEARCH_USER_PATHS = NO;
				CLANG_ANALYZER_NONNULL = YES;
				CLANG_ANALYZER_NUMBER_OBJECT_CONVERSION = YES_AGGRESSIVE;
				CLANG_CXX_LANGUAGE_STANDARD = "gnu++17";
				CLANG_ENABLE_MODULES = YES;
				CLANG_ENABLE_OBJC_ARC = YES;
				CLANG_ENABLE_OBJC_WEAK = YES;
				CLANG_WARN_BLOCK_CAPTURE_AUTORELEASING = YES;
				CLANG_WARN_BOOL_CONVERSION = YES;
				CLANG_WARN_COMMA = YES;
				CLANG_WARN_CONSTANT_CONVERSION = YES;
				CLANG_WARN_DEPRECATED_OBJC_IMPLEMENTATIONS = YES;
				CLANG_WARN_DIRECT_OBJC_ISA_USAGE = YES_ERROR;
				CLANG_WARN_DOCUMENTATION_COMMENTS = YES;
				CLANG_WARN_EMPTY_BODY = YES;
				CLANG_WARN_ENUM_CONVERSION = YES;
				CLANG_WARN_INFINITE_RECURSION = YES;
				CLANG_WARN_INT_CONVERSION = YES;
				CLANG_WARN_NON_LITERAL_NULL_CONVERSION = YES;
				CLANG_WARN_OBJC_IMPLICIT_RETAIN_SELF = YES;
				CLANG_WARN_OBJC_LITERAL_CONVERSION = YES;
				CLANG_WARN_OBJC_ROOT_CLASS = YES_ERROR;
				CLANG_WARN_QUOTED_INCLUDE_IN_FRAMEWORK_HEADER = YES;
				CLANG_WARN_RANGE_LOOP_ANALYSIS = YES;
				CLANG_WARN_STRICT_PROTOTYPES = YES;
				CLANG_WARN_SUSPICIOUS_MOVE = YES;
				CLANG_WARN_UNGUARDED_AVAILABILITY = YES_AGGRESSIVE;
				CLANG_WARN_UNREACHABLE_CODE = YES;
				CLANG_WARN__DUPLICATE_METHOD_MATCH = YES;
				COPY_PHASE_STRIP = NO;
				CURRENT_PROJECT_VERSION = 1;
				DEBUG_INFORMATION_FORMAT = "dwarf-with-dsym";
				ENABLE_NS_ASSERTIONS = NO;
				ENABLE_STRICT_OBJC_MSGSEND = YES;
				GCC_C_LANGUAGE_STANDARD = gnu11;
				GCC_NO_COMMON_BLOCKS = YES;
				GCC_WARN_64_TO_32_BIT_CONVERSION = YES;
				GCC_WARN_ABOUT_RETURN_TYPE = YES_ERROR;
				GCC_WARN_UNDECLARED_SELECTOR = YES;
				GCC_WARN_UNINITIALIZED_AUTOS = YES_AGGRESSIVE;
				GCC_WARN_UNUSED_FUNCTION = YES;
				GCC_WARN_UNUSED_VARIABLE = YES;
				IPHONEOS_DEPLOYMENT_TARGET = 14.0;
				MTL_ENABLE_DEBUG_INFO = NO;
				MTL_FAST_MATH = YES;
				SDKROOT = iphoneos;
				SWIFT_COMPILATION_MODE = wholemodule;
				SWIFT_OPTIMIZATION_LEVEL = "-O";
				VALIDATE_PRODUCT = YES;
				VERSIONING_SYSTEM = "apple-generic";
				VERSION_INFO_PREFIX = "";
			};
			name = Release;
		};
		B374E56028545A1C00955719 /* Debug */ = {
			isa = XCBuildConfiguration;
			buildSettings = {
				CLANG_ENABLE_MODULES = YES;
				CODE_SIGN_STYLE = Automatic;
				CURRENT_PROJECT_VERSION = 8;
				DEFINES_MODULE = YES;
				DEVELOPMENT_TEAM = 34CNMPW6U9;
				DYLIB_COMPATIBILITY_VERSION = 1;
				DYLIB_CURRENT_VERSION = 1;
				DYLIB_INSTALL_NAME_BASE = "@rpath";
				GENERATE_INFOPLIST_FILE = YES;
				INFOPLIST_KEY_NSHumanReadableCopyright = "";
				INSTALL_PATH = "$(LOCAL_LIBRARY_DIR)/Frameworks";
				LD_RUNPATH_SEARCH_PATHS = (
					"$(inherited)",
					"@executable_path/Frameworks",
					"@loader_path/Frameworks",
				);
				MARKETING_VERSION = 1.4.1;
				PRODUCT_BUNDLE_IDENTIFIER = io.rownd.framework;
				PRODUCT_NAME = Rownd;
				SKIP_INSTALL = YES;
				SWIFT_EMIT_LOC_STRINGS = YES;
				SWIFT_OPTIMIZATION_LEVEL = "-Onone";
				SWIFT_VERSION = 5.0;
				TARGETED_DEVICE_FAMILY = "1,2,6";
			};
			name = Debug;
		};
		B374E56128545A1C00955719 /* Release */ = {
			isa = XCBuildConfiguration;
			buildSettings = {
				CLANG_ENABLE_MODULES = YES;
				CODE_SIGN_STYLE = Automatic;
				CURRENT_PROJECT_VERSION = 8;
				DEFINES_MODULE = YES;
				DEVELOPMENT_TEAM = 34CNMPW6U9;
				DYLIB_COMPATIBILITY_VERSION = 1;
				DYLIB_CURRENT_VERSION = 1;
				DYLIB_INSTALL_NAME_BASE = "@rpath";
				GENERATE_INFOPLIST_FILE = YES;
				INFOPLIST_KEY_NSHumanReadableCopyright = "";
				INSTALL_PATH = "$(LOCAL_LIBRARY_DIR)/Frameworks";
				LD_RUNPATH_SEARCH_PATHS = (
					"$(inherited)",
					"@executable_path/Frameworks",
					"@loader_path/Frameworks",
				);
				MARKETING_VERSION = 1.4.1;
				PRODUCT_BUNDLE_IDENTIFIER = io.rownd.framework;
				PRODUCT_NAME = Rownd;
				SKIP_INSTALL = YES;
				SWIFT_EMIT_LOC_STRINGS = YES;
				SWIFT_VERSION = 5.0;
				TARGETED_DEVICE_FAMILY = "1,2,6";
			};
			name = Release;
		};
		B38A40AF2882020900FD0813 /* Debug */ = {
			isa = XCBuildConfiguration;
			buildSettings = {
				BUNDLE_LOADER = "$(TEST_HOST)";
				CODE_SIGN_STYLE = Automatic;
				CURRENT_PROJECT_VERSION = 1;
				DEVELOPMENT_TEAM = 34CNMPW6U9;
				GENERATE_INFOPLIST_FILE = YES;
				IPHONEOS_DEPLOYMENT_TARGET = 15.5;
				MARKETING_VERSION = 1.0;
				PRODUCT_BUNDLE_IDENTIFIER = io.rownd.RowndTests;
				PRODUCT_NAME = "$(TARGET_NAME)";
				SWIFT_EMIT_LOC_STRINGS = NO;
				SWIFT_VERSION = 5.0;
				TARGETED_DEVICE_FAMILY = "1,2";
				TEST_HOST = "$(BUILT_PRODUCTS_DIR)/RowndFrameworkTestApp.app/RowndFrameworkTestApp";
			};
			name = Debug;
		};
		B38A40B02882020900FD0813 /* Release */ = {
			isa = XCBuildConfiguration;
			buildSettings = {
				BUNDLE_LOADER = "$(TEST_HOST)";
				CODE_SIGN_STYLE = Automatic;
				CURRENT_PROJECT_VERSION = 1;
				DEVELOPMENT_TEAM = 34CNMPW6U9;
				GENERATE_INFOPLIST_FILE = YES;
				IPHONEOS_DEPLOYMENT_TARGET = 15.5;
				MARKETING_VERSION = 1.0;
				PRODUCT_BUNDLE_IDENTIFIER = io.rownd.RowndTests;
				PRODUCT_NAME = "$(TARGET_NAME)";
				SWIFT_EMIT_LOC_STRINGS = NO;
				SWIFT_VERSION = 5.0;
				TARGETED_DEVICE_FAMILY = "1,2";
				TEST_HOST = "$(BUILT_PRODUCTS_DIR)/RowndFrameworkTestApp.app/RowndFrameworkTestApp";
			};
			name = Release;
		};
		B38A40C32882185B00FD0813 /* Debug */ = {
			isa = XCBuildConfiguration;
			buildSettings = {
				ASSETCATALOG_COMPILER_APPICON_NAME = AppIcon;
				ASSETCATALOG_COMPILER_GLOBAL_ACCENT_COLOR_NAME = AccentColor;
				CODE_SIGN_STYLE = Automatic;
				CURRENT_PROJECT_VERSION = 1;
				DEVELOPMENT_ASSET_PATHS = "\"RowndFrameworkTestApp/Preview Content\"";
				DEVELOPMENT_TEAM = 34CNMPW6U9;
				ENABLE_PREVIEWS = YES;
				GENERATE_INFOPLIST_FILE = YES;
				INFOPLIST_KEY_UIApplicationSceneManifest_Generation = YES;
				INFOPLIST_KEY_UIApplicationSupportsIndirectInputEvents = YES;
				INFOPLIST_KEY_UILaunchScreen_Generation = YES;
				INFOPLIST_KEY_UISupportedInterfaceOrientations_iPad = "UIInterfaceOrientationPortrait UIInterfaceOrientationPortraitUpsideDown UIInterfaceOrientationLandscapeLeft UIInterfaceOrientationLandscapeRight";
				INFOPLIST_KEY_UISupportedInterfaceOrientations_iPhone = "UIInterfaceOrientationPortrait UIInterfaceOrientationLandscapeLeft UIInterfaceOrientationLandscapeRight";
				IPHONEOS_DEPLOYMENT_TARGET = 15.5;
				LD_RUNPATH_SEARCH_PATHS = (
					"$(inherited)",
					"@executable_path/Frameworks",
				);
				MARKETING_VERSION = 1.0;
				PRODUCT_BUNDLE_IDENTIFIER = io.rownd.RowndFrameworkTestApp;
				PRODUCT_NAME = "$(TARGET_NAME)";
				SWIFT_EMIT_LOC_STRINGS = YES;
				SWIFT_VERSION = 5.0;
				TARGETED_DEVICE_FAMILY = "1,2";
			};
			name = Debug;
		};
		B38A40C42882185B00FD0813 /* Release */ = {
			isa = XCBuildConfiguration;
			buildSettings = {
				ASSETCATALOG_COMPILER_APPICON_NAME = AppIcon;
				ASSETCATALOG_COMPILER_GLOBAL_ACCENT_COLOR_NAME = AccentColor;
				CODE_SIGN_STYLE = Automatic;
				CURRENT_PROJECT_VERSION = 1;
				DEVELOPMENT_ASSET_PATHS = "\"RowndFrameworkTestApp/Preview Content\"";
				DEVELOPMENT_TEAM = 34CNMPW6U9;
				ENABLE_PREVIEWS = YES;
				GENERATE_INFOPLIST_FILE = YES;
				INFOPLIST_KEY_UIApplicationSceneManifest_Generation = YES;
				INFOPLIST_KEY_UIApplicationSupportsIndirectInputEvents = YES;
				INFOPLIST_KEY_UILaunchScreen_Generation = YES;
				INFOPLIST_KEY_UISupportedInterfaceOrientations_iPad = "UIInterfaceOrientationPortrait UIInterfaceOrientationPortraitUpsideDown UIInterfaceOrientationLandscapeLeft UIInterfaceOrientationLandscapeRight";
				INFOPLIST_KEY_UISupportedInterfaceOrientations_iPhone = "UIInterfaceOrientationPortrait UIInterfaceOrientationLandscapeLeft UIInterfaceOrientationLandscapeRight";
				IPHONEOS_DEPLOYMENT_TARGET = 15.5;
				LD_RUNPATH_SEARCH_PATHS = (
					"$(inherited)",
					"@executable_path/Frameworks",
				);
				MARKETING_VERSION = 1.0;
				PRODUCT_BUNDLE_IDENTIFIER = io.rownd.RowndFrameworkTestApp;
				PRODUCT_NAME = "$(TARGET_NAME)";
				SWIFT_EMIT_LOC_STRINGS = YES;
				SWIFT_VERSION = 5.0;
				TARGETED_DEVICE_FAMILY = "1,2";
			};
			name = Release;
		};
/* End XCBuildConfiguration section */

/* Begin XCConfigurationList section */
		B374E55228545A1C00955719 /* Build configuration list for PBXProject "RowndFramework" */ = {
			isa = XCConfigurationList;
			buildConfigurations = (
				B374E55D28545A1C00955719 /* Debug */,
				B374E55E28545A1C00955719 /* Release */,
			);
			defaultConfigurationIsVisible = 0;
			defaultConfigurationName = Release;
		};
		B374E55F28545A1C00955719 /* Build configuration list for PBXNativeTarget "RowndSDK" */ = {
			isa = XCConfigurationList;
			buildConfigurations = (
				B374E56028545A1C00955719 /* Debug */,
				B374E56128545A1C00955719 /* Release */,
			);
			defaultConfigurationIsVisible = 0;
			defaultConfigurationName = Release;
		};
		B38A40AE2882020900FD0813 /* Build configuration list for PBXNativeTarget "RowndTests" */ = {
			isa = XCConfigurationList;
			buildConfigurations = (
				B38A40AF2882020900FD0813 /* Debug */,
				B38A40B02882020900FD0813 /* Release */,
			);
			defaultConfigurationIsVisible = 0;
			defaultConfigurationName = Release;
		};
		B38A40C22882185B00FD0813 /* Build configuration list for PBXNativeTarget "RowndFrameworkTestApp" */ = {
			isa = XCConfigurationList;
			buildConfigurations = (
				B38A40C32882185B00FD0813 /* Debug */,
				B38A40C42882185B00FD0813 /* Release */,
			);
			defaultConfigurationIsVisible = 0;
			defaultConfigurationName = Release;
		};
/* End XCConfigurationList section */

/* Begin XCRemoteSwiftPackageReference section */
		B302E2B928641A7A005FD927 /* XCRemoteSwiftPackageReference "ReSwift" */ = {
			isa = XCRemoteSwiftPackageReference;
			repositoryURL = "https://github.com/ReSwift/ReSwift.git";
			requirement = {
				kind = upToNextMajorVersion;
				minimumVersion = 6.0.0;
			};
		};
		B302E2C52865012F005FD927 /* XCRemoteSwiftPackageReference "ReSwift-Thunk" */ = {
			isa = XCRemoteSwiftPackageReference;
			repositoryURL = "https://github.com/ReSwift/ReSwift-Thunk.git";
			requirement = {
				kind = upToNextMajorVersion;
				minimumVersion = 2.0.0;
			};
		};
		B347C2762879358200935115 /* XCRemoteSwiftPackageReference "AnyCodable" */ = {
			isa = XCRemoteSwiftPackageReference;
			repositoryURL = "https://github.com/Flight-School/AnyCodable";
			requirement = {
				kind = upToNextMajorVersion;
				minimumVersion = 0.6.5;
			};
		};
		B347C279287CB46900935115 /* XCRemoteSwiftPackageReference "JWTDecode" */ = {
			isa = XCRemoteSwiftPackageReference;
			repositoryURL = "https://github.com/auth0/JWTDecode.swift";
			requirement = {
				kind = upToNextMajorVersion;
				minimumVersion = 2.0.0;
			};
		};
		B38A409F2881157D00FD0813 /* XCRemoteSwiftPackageReference "LBBottomSheet" */ = {
			isa = XCRemoteSwiftPackageReference;
			repositoryURL = "https://github.com/LunabeeStudio/LBBottomSheet.git";
			requirement = {
				kind = upToNextMajorVersion;
				minimumVersion = 1.0.0;
			};
		};
		B38A40C72882727E00FD0813 /* XCRemoteSwiftPackageReference "SwiftKeychainWrapper" */ = {
			isa = XCRemoteSwiftPackageReference;
			repositoryURL = "https://github.com/jrendel/SwiftKeychainWrapper";
			requirement = {
				kind = upToNextMajorVersion;
				minimumVersion = 4.0.0;
			};
		};
		B38A40CA288274D800FD0813 /* XCRemoteSwiftPackageReference "SwiftKeychainWrapper" */ = {
			isa = XCRemoteSwiftPackageReference;
			repositoryURL = "https://github.com/jrendel/SwiftKeychainWrapper";
			requirement = {
				branch = develop;
				kind = branch;
			};
		};
		B38A40CD2883C81D00FD0813 /* XCRemoteSwiftPackageReference "swift-sodium" */ = {
			isa = XCRemoteSwiftPackageReference;
			repositoryURL = "https://github.com/jedisct1/swift-sodium";
			requirement = {
				kind = upToNextMajorVersion;
				minimumVersion = 0.9.1;
			};
		};
/* End XCRemoteSwiftPackageReference section */

/* Begin XCSwiftPackageProductDependency section */
		B302E2BA28641A7A005FD927 /* ReSwift */ = {
			isa = XCSwiftPackageProductDependency;
			package = B302E2B928641A7A005FD927 /* XCRemoteSwiftPackageReference "ReSwift" */;
			productName = ReSwift;
		};
		B302E2C62865012F005FD927 /* ReSwiftThunk */ = {
			isa = XCSwiftPackageProductDependency;
			package = B302E2C52865012F005FD927 /* XCRemoteSwiftPackageReference "ReSwift-Thunk" */;
			productName = ReSwiftThunk;
		};
		B347C2772879358200935115 /* AnyCodable */ = {
			isa = XCSwiftPackageProductDependency;
			package = B347C2762879358200935115 /* XCRemoteSwiftPackageReference "AnyCodable" */;
			productName = AnyCodable;
		};
		B347C27A287CB46A00935115 /* JWTDecode */ = {
			isa = XCSwiftPackageProductDependency;
			package = B347C279287CB46900935115 /* XCRemoteSwiftPackageReference "JWTDecode" */;
			productName = JWTDecode;
		};
		B38A40A02881157D00FD0813 /* LBBottomSheet */ = {
			isa = XCSwiftPackageProductDependency;
			package = B38A409F2881157D00FD0813 /* XCRemoteSwiftPackageReference "LBBottomSheet" */;
			productName = LBBottomSheet;
		};
		B38A40C82882727F00FD0813 /* SwiftKeychainWrapper */ = {
			isa = XCSwiftPackageProductDependency;
			package = B38A40C72882727E00FD0813 /* XCRemoteSwiftPackageReference "SwiftKeychainWrapper" */;
			productName = SwiftKeychainWrapper;
		};
		B38A40CB288274D900FD0813 /* SwiftKeychainWrapper */ = {
			isa = XCSwiftPackageProductDependency;
			package = B38A40CA288274D800FD0813 /* XCRemoteSwiftPackageReference "SwiftKeychainWrapper" */;
			productName = SwiftKeychainWrapper;
		};
		B38A40CE2883C81D00FD0813 /* Sodium */ = {
			isa = XCSwiftPackageProductDependency;
			package = B38A40CD2883C81D00FD0813 /* XCRemoteSwiftPackageReference "swift-sodium" */;
			productName = Sodium;
		};
/* End XCSwiftPackageProductDependency section */
	};
	rootObject = B374E54F28545A1C00955719 /* Project object */;
}
